
Microsoft Visual Studio Solution File, Format Version 12.00
# Visual Studio Version 16
VisualStudioVersion = 16.0.29920.165
MinimumVisualStudioVersion = 10.0.40219.1
Project("{FAE04EC0-301F-11D3-BF4B-00C04F79EFBC}") = "TestingWithxUnit", "TestingWithxUnit.csproj", "{C8CC6708-7B12-44EE-8996-3CC5922E0531}"
EndProject
Global
	GlobalSection(SolutionConfigurationPlatforms) = preSolution
		Debug|Any CPU = Debug|Any CPU
		Release|Any CPU = Release|Any CPU
	EndGlobalSection
	GlobalSection(ProjectConfigurationPlatforms) = postSolution
		{C8CC6708-7B12-44EE-8996-3CC5922E0531}.Debug|Any CPU.ActiveCfg = Debug|Any CPU
		{C8CC6708-7B12-44EE-8996-3CC5922E0531}.Debug|Any CPU.Build.0 = Debug|Any CPU
		{C8CC6708-7B12-44EE-8996-3CC5922E0531}.Release|Any CPU.ActiveCfg = Release|Any CPU
		{C8CC6708-7B12-44EE-8996-3CC5922E0531}.Release|Any CPU.Build.0 = Release|Any CPU
	EndGlobalSection
	GlobalSection(SolutionProperties) = preSolution
		HideSolutionNode = FALSE
	EndGlobalSection
	GlobalSection(ExtensibilityGlobals) = postSolution
		SolutionGuid = {08C4D91E-D064-4EB7-9358-7D3435E740AF}
	EndGlobalSection
EndGlobal
